
Microsoft Visual Studio Solution File, Format Version 11.00
# Visual Studio 2010
Project("{8BC9CEB8-8B4A-11D0-8D11-00A0C91BC942}") = "KeyCounter", "KeyCounter\KeyCounter.vcxproj", "{C702589B-B742-4CC8-B987-552084329F0F}"
EndProject
Global
	GlobalSection(SolutionConfigurationPlatforms) = preSolution
		Debug|Win32 = Debug|Win32
		Release|Win32 = Release|Win32
	EndGlobalSection
	GlobalSection(ProjectConfigurationPlatforms) = postSolution
		{C702589B-B742-4CC8-B987-552084329F0F}.Debug|Win32.ActiveCfg = Debug|Win32
		{C702589B-B742-4CC8-B987-552084329F0F}.Debug|Win32.Build.0 = Debug|Win32
		{C702589B-B742-4CC8-B987-552084329F0F}.Release|Win32.ActiveCfg = Release|Win32
		{C702589B-B742-4CC8-B987-552084329F0F}.Release|Win32.Build.0 = Release|Win32
	EndGlobalSection
	GlobalSection(SolutionProperties) = preSolution
		HideSolutionNode = FALSE
	EndGlobalSection
EndGlobal
